// !$*UTF8*$!
{
	archiveVersion = 1;
	classes = {
	};
	objectVersion = 56;
	objects = {

/* Begin PBXBuildFile section */
		A6DDBE472C7D2F8C0040F8E8 /* com_welling_interviewApp.swift in Sources */ = {isa = PBXBuildFile; fileRef = A6DDBE462C7D2F8C0040F8E8 /* com_welling_interviewApp.swift */; };
		A6DDBE492C7D2F8C0040F8E8 /* ContentView.swift in Sources */ = {isa = PBXBuildFile; fileRef = A6DDBE482C7D2F8C0040F8E8 /* ContentView.swift */; };
		A6DDBE4B2C7D2F8D0040F8E8 /* Assets.xcassets in Resources */ = {isa = PBXBuildFile; fileRef = A6DDBE4A2C7D2F8D0040F8E8 /* Assets.xcassets */; };
		A6DDBE4E2C7D2F8D0040F8E8 /* Preview Assets.xcassets in Resources */ = {isa = PBXBuildFile; fileRef = A6DDBE4D2C7D2F8D0040F8E8 /* Preview Assets.xcassets */; };
		A6DDBE582C7D2F8D0040F8E8 /* com_welling_interviewTests.swift in Sources */ = {isa = PBXBuildFile; fileRef = A6DDBE572C7D2F8D0040F8E8 /* com_welling_interviewTests.swift */; };
		A6DDBE622C7D2F8D0040F8E8 /* com_welling_interviewUITests.swift in Sources */ = {isa = PBXBuildFile; fileRef = A6DDBE612C7D2F8D0040F8E8 /* com_welling_interviewUITests.swift */; };
		A6DDBE642C7D2F8D0040F8E8 /* com_welling_interviewUITestsLaunchTests.swift in Sources */ = {isa = PBXBuildFile; fileRef = A6DDBE632C7D2F8D0040F8E8 /* com_welling_interviewUITestsLaunchTests.swift */; };
/* End PBXBuildFile section */

/* Begin PBXContainerItemProxy section */
		A6DDBE542C7D2F8D0040F8E8 /* PBXContainerItemProxy */ = {
			isa = PBXContainerItemProxy;
			containerPortal = A6DDBE3B2C7D2F8C0040F8E8 /* Project object */;
			proxyType = 1;
			remoteGlobalIDString = A6DDBE422C7D2F8C0040F8E8;
			remoteInfo = com.welling.interview;
		};
		A6DDBE5E2C7D2F8D0040F8E8 /* PBXContainerItemProxy */ = {
			isa = PBXContainerItemProxy;
			containerPortal = A6DDBE3B2C7D2F8C0040F8E8 /* Project object */;
			proxyType = 1;
			remoteGlobalIDString = A6DDBE422C7D2F8C0040F8E8;
			remoteInfo = com.welling.interview;
		};
/* End PBXContainerItemProxy section */

/* Begin PBXFileReference section */
		A6DDBE432C7D2F8C0040F8E8 /* com.welling.interview.app */ = {isa = PBXFileReference; explicitFileType = wrapper.application; includeInIndex = 0; path = com.welling.interview.app; sourceTree = BUILT_PRODUCTS_DIR; };
		A6DDBE462C7D2F8C0040F8E8 /* com_welling_interviewApp.swift */ = {isa = PBXFileReference; lastKnownFileType = sourcecode.swift; path = com_welling_interviewApp.swift; sourceTree = "<group>"; };
		A6DDBE482C7D2F8C0040F8E8 /* ContentView.swift */ = {isa = PBXFileReference; lastKnownFileType = sourcecode.swift; path = ContentView.swift; sourceTree = "<group>"; };
		A6DDBE4A2C7D2F8D0040F8E8 /* Assets.xcassets */ = {isa = PBXFileReference; lastKnownFileType = folder.assetcatalog; path = Assets.xcassets; sourceTree = "<group>"; };
		A6DDBE4D2C7D2F8D0040F8E8 /* Preview Assets.xcassets */ = {isa = PBXFileReference; lastKnownFileType = folder.assetcatalog; path = "Preview Assets.xcassets"; sourceTree = "<group>"; };
		A6DDBE532C7D2F8D0040F8E8 /* com.welling.interviewTests.xctest */ = {isa = PBXFileReference; explicitFileType = wrapper.cfbundle; includeInIndex = 0; path = com.welling.interviewTests.xctest; sourceTree = BUILT_PRODUCTS_DIR; };
		A6DDBE572C7D2F8D0040F8E8 /* com_welling_interviewTests.swift */ = {isa = PBXFileReference; lastKnownFileType = sourcecode.swift; path = com_welling_interviewTests.swift; sourceTree = "<group>"; };
		A6DDBE5D2C7D2F8D0040F8E8 /* com.welling.interviewUITests.xctest */ = {isa = PBXFileReference; explicitFileType = wrapper.cfbundle; includeInIndex = 0; path = com.welling.interviewUITests.xctest; sourceTree = BUILT_PRODUCTS_DIR; };
		A6DDBE612C7D2F8D0040F8E8 /* com_welling_interviewUITests.swift */ = {isa = PBXFileReference; lastKnownFileType = sourcecode.swift; path = com_welling_interviewUITests.swift; sourceTree = "<group>"; };
		A6DDBE632C7D2F8D0040F8E8 /* com_welling_interviewUITestsLaunchTests.swift */ = {isa = PBXFileReference; lastKnownFileType = sourcecode.swift; path = com_welling_interviewUITestsLaunchTests.swift; sourceTree = "<group>"; };
/* End PBXFileReference section */

/* Begin PBXFrameworksBuildPhase section */
		A6DDBE402C7D2F8C0040F8E8 /* Frameworks */ = {
			isa = PBXFrameworksBuildPhase;
			buildActionMask = 2147483647;
			files = (
			);
			runOnlyForDeploymentPostprocessing = 0;
		};
		A6DDBE502C7D2F8D0040F8E8 /* Frameworks */ = {
			isa = PBXFrameworksBuildPhase;
			buildActionMask = 2147483647;
			files = (
			);
			runOnlyForDeploymentPostprocessing = 0;
		};
		A6DDBE5A2C7D2F8D0040F8E8 /* Frameworks */ = {
			isa = PBXFrameworksBuildPhase;
			buildActionMask = 2147483647;
			files = (
			);
			runOnlyForDeploymentPostprocessing = 0;
		};
/* End PBXFrameworksBuildPhase section */

/* Begin PBXGroup section */
		A6DDBE3A2C7D2F8C0040F8E8 = {
			isa = PBXGroup;
			children = (
				A6DDBE452C7D2F8C0040F8E8 /* com.welling.interview */,
				A6DDBE562C7D2F8D0040F8E8 /* com.welling.interviewTests */,
				A6DDBE602C7D2F8D0040F8E8 /* com.welling.interviewUITests */,
				A6DDBE442C7D2F8C0040F8E8 /* Products */,
			);
			sourceTree = "<group>";
		};
		A6DDBE442C7D2F8C0040F8E8 /* Products */ = {
			isa = PBXGroup;
			children = (
				A6DDBE432C7D2F8C0040F8E8 /* com.welling.interview.app */,
				A6DDBE532C7D2F8D0040F8E8 /* com.welling.interviewTests.xctest */,
				A6DDBE5D2C7D2F8D0040F8E8 /* com.welling.interviewUITests.xctest */,
			);
			name = Products;
			sourceTree = "<group>";
		};
		A6DDBE452C7D2F8C0040F8E8 /* com.welling.interview */ = {
			isa = PBXGroup;
			children = (
				A6DDBE462C7D2F8C0040F8E8 /* com_welling_interviewApp.swift */,
				A6DDBE482C7D2F8C0040F8E8 /* ContentView.swift */,
				A6DDBE4A2C7D2F8D0040F8E8 /* Assets.xcassets */,
				A6DDBE4C2C7D2F8D0040F8E8 /* Preview Content */,
			);
			path = com.welling.interview;
			sourceTree = "<group>";
		};
		A6DDBE4C2C7D2F8D0040F8E8 /* Preview Content */ = {
			isa = PBXGroup;
			children = (
				A6DDBE4D2C7D2F8D0040F8E8 /* Preview Assets.xcassets */,
			);
			path = "Preview Content";
			sourceTree = "<group>";
		};
		A6DDBE562C7D2F8D0040F8E8 /* com.welling.interviewTests */ = {
			isa = PBXGroup;
			children = (
				A6DDBE572C7D2F8D0040F8E8 /* com_welling_interviewTests.swift */,
			);
			path = com.welling.interviewTests;
			sourceTree = "<group>";
		};
		A6DDBE602C7D2F8D0040F8E8 /* com.welling.interviewUITests */ = {
			isa = PBXGroup;
			children = (
				A6DDBE612C7D2F8D0040F8E8 /* com_welling_interviewUITests.swift */,
				A6DDBE632C7D2F8D0040F8E8 /* com_welling_interviewUITestsLaunchTests.swift */,
			);
			path = com.welling.interviewUITests;
			sourceTree = "<group>";
		};
/* End PBXGroup section */

/* Begin PBXNativeTarget section */
		A6DDBE422C7D2F8C0040F8E8 /* com.welling.interview */ = {
			isa = PBXNativeTarget;
			buildConfigurationList = A6DDBE672C7D2F8D0040F8E8 /* Build configuration list for PBXNativeTarget "com.welling.interview" */;
			buildPhases = (
				A6DDBE3F2C7D2F8C0040F8E8 /* Sources */,
				A6DDBE402C7D2F8C0040F8E8 /* Frameworks */,
				A6DDBE412C7D2F8C0040F8E8 /* Resources */,
			);
			buildRules = (
			);
			dependencies = (
			);
			name = com.welling.interview;
			productName = com.welling.interview;
			productReference = A6DDBE432C7D2F8C0040F8E8 /* com.welling.interview.app */;
			productType = "com.apple.product-type.application";
		};
		A6DDBE522C7D2F8D0040F8E8 /* com.welling.interviewTests */ = {
			isa = PBXNativeTarget;
			buildConfigurationList = A6DDBE6A2C7D2F8D0040F8E8 /* Build configuration list for PBXNativeTarget "com.welling.interviewTests" */;
			buildPhases = (
				A6DDBE4F2C7D2F8D0040F8E8 /* Sources */,
				A6DDBE502C7D2F8D0040F8E8 /* Frameworks */,
				A6DDBE512C7D2F8D0040F8E8 /* Resources */,
			);
			buildRules = (
			);
			dependencies = (
				A6DDBE552C7D2F8D0040F8E8 /* PBXTargetDependency */,
			);
			name = com.welling.interviewTests;
			productName = com.welling.interviewTests;
			productReference = A6DDBE532C7D2F8D0040F8E8 /* com.welling.interviewTests.xctest */;
			productType = "com.apple.product-type.bundle.unit-test";
		};
		A6DDBE5C2C7D2F8D0040F8E8 /* com.welling.interviewUITests */ = {
			isa = PBXNativeTarget;
			buildConfigurationList = A6DDBE6D2C7D2F8D0040F8E8 /* Build configuration list for PBXNativeTarget "com.welling.interviewUITests" */;
			buildPhases = (
				A6DDBE592C7D2F8D0040F8E8 /* Sources */,
				A6DDBE5A2C7D2F8D0040F8E8 /* Frameworks */,
				A6DDBE5B2C7D2F8D0040F8E8 /* Resources */,
			);
			buildRules = (
			);
			dependencies = (
				A6DDBE5F2C7D2F8D0040F8E8 /* PBXTargetDependency */,
			);
			name = com.welling.interviewUITests;
			productName = com.welling.interviewUITests;
			productReference = A6DDBE5D2C7D2F8D0040F8E8 /* com.welling.interviewUITests.xctest */;
			productType = "com.apple.product-type.bundle.ui-testing";
		};
/* End PBXNativeTarget section */

/* Begin PBXProject section */
		A6DDBE3B2C7D2F8C0040F8E8 /* Project object */ = {
			isa = PBXProject;
			attributes = {
				BuildIndependentTargetsInParallel = 1;
				LastSwiftUpdateCheck = 1540;
				LastUpgradeCheck = 1540;
				TargetAttributes = {
					A6DDBE422C7D2F8C0040F8E8 = {
						CreatedOnToolsVersion = 15.4;
					};
					A6DDBE522C7D2F8D0040F8E8 = {
						CreatedOnToolsVersion = 15.4;
						TestTargetID = A6DDBE422C7D2F8C0040F8E8;
					};
					A6DDBE5C2C7D2F8D0040F8E8 = {
						CreatedOnToolsVersion = 15.4;
						TestTargetID = A6DDBE422C7D2F8C0040F8E8;
					};
				};
			};
			buildConfigurationList = A6DDBE3E2C7D2F8C0040F8E8 /* Build configuration list for PBXProject "com.welling.interview" */;
			compatibilityVersion = "Xcode 14.0";
			developmentRegion = en;
			hasScannedForEncodings = 0;
			knownRegions = (
				en,
				Base,
			);
			mainGroup = A6DDBE3A2C7D2F8C0040F8E8;
			productRefGroup = A6DDBE442C7D2F8C0040F8E8 /* Products */;
			projectDirPath = "";
			projectRoot = "";
			targets = (
				A6DDBE422C7D2F8C0040F8E8 /* com.welling.interview */,
				A6DDBE522C7D2F8D0040F8E8 /* com.welling.interviewTests */,
				A6DDBE5C2C7D2F8D0040F8E8 /* com.welling.interviewUITests */,
			);
		};
/* End PBXProject section */

/* Begin PBXResourcesBuildPhase section */
		A6DDBE412C7D2F8C0040F8E8 /* Resources */ = {
			isa = PBXResourcesBuildPhase;
			buildActionMask = 2147483647;
			files = (
				A6DDBE4E2C7D2F8D0040F8E8 /* Preview Assets.xcassets in Resources */,
				A6DDBE4B2C7D2F8D0040F8E8 /* Assets.xcassets in Resources */,
			);
			runOnlyForDeploymentPostprocessing = 0;
		};
		A6DDBE512C7D2F8D0040F8E8 /* Resources */ = {
			isa = PBXResourcesBuildPhase;
			buildActionMask = 2147483647;
			files = (
			);
			runOnlyForDeploymentPostprocessing = 0;
		};
		A6DDBE5B2C7D2F8D0040F8E8 /* Resources */ = {
			isa = PBXResourcesBuildPhase;
			buildActionMask = 2147483647;
			files = (
			);
			runOnlyForDeploymentPostprocessing = 0;
		};
/* End PBXResourcesBuildPhase section */

/* Begin PBXSourcesBuildPhase section */
		A6DDBE3F2C7D2F8C0040F8E8 /* Sources */ = {
			isa = PBXSourcesBuildPhase;
			buildActionMask = 2147483647;
			files = (
				A6DDBE492C7D2F8C0040F8E8 /* ContentView.swift in Sources */,
				A6DDBE472C7D2F8C0040F8E8 /* com_welling_interviewApp.swift in Sources */,
			);
			runOnlyForDeploymentPostprocessing = 0;
		};
		A6DDBE4F2C7D2F8D0040F8E8 /* Sources */ = {
			isa = PBXSourcesBuildPhase;
			buildActionMask = 2147483647;
			files = (
				A6DDBE582C7D2F8D0040F8E8 /* com_welling_interviewTests.swift in Sources */,
			);
			runOnlyForDeploymentPostprocessing = 0;
		};
		A6DDBE592C7D2F8D0040F8E8 /* Sources */ = {
			isa = PBXSourcesBuildPhase;
			buildActionMask = 2147483647;
			files = (
				A6DDBE622C7D2F8D0040F8E8 /* com_welling_interviewUITests.swift in Sources */,
				A6DDBE642C7D2F8D0040F8E8 /* com_welling_interviewUITestsLaunchTests.swift in Sources */,
			);
			runOnlyForDeploymentPostprocessing = 0;
		};
/* End PBXSourcesBuildPhase section */

/* Begin PBXTargetDependency section */
		A6DDBE552C7D2F8D0040F8E8 /* PBXTargetDependency */ = {
			isa = PBXTargetDependency;
			target = A6DDBE422C7D2F8C0040F8E8 /* com.welling.interview */;
			targetProxy = A6DDBE542C7D2F8D0040F8E8 /* PBXContainerItemProxy */;
		};
		A6DDBE5F2C7D2F8D0040F8E8 /* PBXTargetDependency */ = {
			isa = PBXTargetDependency;
			target = A6DDBE422C7D2F8C0040F8E8 /* com.welling.interview */;
			targetProxy = A6DDBE5E2C7D2F8D0040F8E8 /* PBXContainerItemProxy */;
		};
/* End PBXTargetDependency section */

/* Begin XCBuildConfiguration section */
		A6DDBE652C7D2F8D0040F8E8 /* Debug */ = {
			isa = XCBuildConfiguration;
			buildSettings = {
				ALWAYS_SEARCH_USER_PATHS = NO;
				ASSETCATALOG_COMPILER_GENERATE_SWIFT_ASSET_SYMBOL_EXTENSIONS = YES;
				CLANG_ANALYZER_NONNULL = YES;
				CLANG_ANALYZER_NUMBER_OBJECT_CONVERSION = YES_AGGRESSIVE;
				CLANG_CXX_LANGUAGE_STANDARD = "gnu++20";
				CLANG_ENABLE_MODULES = YES;
				CLANG_ENABLE_OBJC_ARC = YES;
				CLANG_ENABLE_OBJC_WEAK = YES;
				CLANG_WARN_BLOCK_CAPTURE_AUTORELEASING = YES;
				CLANG_WARN_BOOL_CONVERSION = YES;
				CLANG_WARN_COMMA = YES;
				CLANG_WARN_CONSTANT_CONVERSION = YES;
				CLANG_WARN_DEPRECATED_OBJC_IMPLEMENTATIONS = YES;
				CLANG_WARN_DIRECT_OBJC_ISA_USAGE = YES_ERROR;
				CLANG_WARN_DOCUMENTATION_COMMENTS = YES;
				CLANG_WARN_EMPTY_BODY = YES;
				CLANG_WARN_ENUM_CONVERSION = YES;
				CLANG_WARN_INFINITE_RECURSION = YES;
				CLANG_WARN_INT_CONVERSION = YES;
				CLANG_WARN_NON_LITERAL_NULL_CONVERSION = YES;
				CLANG_WARN_OBJC_IMPLICIT_RETAIN_SELF = YES;
				CLANG_WARN_OBJC_LITERAL_CONVERSION = YES;
				CLANG_WARN_OBJC_ROOT_CLASS = YES_ERROR;
				CLANG_WARN_QUOTED_INCLUDE_IN_FRAMEWORK_HEADER = YES;
				CLANG_WARN_RANGE_LOOP_ANALYSIS = YES;
				CLANG_WARN_STRICT_PROTOTYPES = YES;
				CLANG_WARN_SUSPICIOUS_MOVE = YES;
				CLANG_WARN_UNGUARDED_AVAILABILITY = YES_AGGRESSIVE;
				CLANG_WARN_UNREACHABLE_CODE = YES;
				CLANG_WARN__DUPLICATE_METHOD_MATCH = YES;
				COPY_PHASE_STRIP = NO;
				DEBUG_INFORMATION_FORMAT = dwarf;
				ENABLE_STRICT_OBJC_MSGSEND = YES;
				ENABLE_TESTABILITY = YES;
				ENABLE_USER_SCRIPT_SANDBOXING = YES;
				GCC_C_LANGUAGE_STANDARD = gnu17;
				GCC_DYNAMIC_NO_PIC = NO;
				GCC_NO_COMMON_BLOCKS = YES;
				GCC_OPTIMIZATION_LEVEL = 0;
				GCC_PREPROCESSOR_DEFINITIONS = (
					"DEBUG=1",
					"$(inherited)",
				);
				GCC_WARN_64_TO_32_BIT_CONVERSION = YES;
				GCC_WARN_ABOUT_RETURN_TYPE = YES_ERROR;
				GCC_WARN_UNDECLARED_SELECTOR = YES;
				GCC_WARN_UNINITIALIZED_AUTOS = YES_AGGRESSIVE;
				GCC_WARN_UNUSED_FUNCTION = YES;
				GCC_WARN_UNUSED_VARIABLE = YES;
				IPHONEOS_DEPLOYMENT_TARGET = 17.5;
				LOCALIZATION_PREFERS_STRING_CATALOGS = YES;
				MTL_ENABLE_DEBUG_INFO = INCLUDE_SOURCE;
				MTL_FAST_MATH = YES;
				ONLY_ACTIVE_ARCH = YES;
				SDKROOT = iphoneos;
				SWIFT_ACTIVE_COMPILATION_CONDITIONS = "DEBUG $(inherited)";
				SWIFT_OPTIMIZATION_LEVEL = "-Onone";
			};
			name = Debug;
		};
		A6DDBE662C7D2F8D0040F8E8 /* Release */ = {
			isa = XCBuildConfiguration;
			buildSettings = {
				ALWAYS_SEARCH_USER_PATHS = NO;
				ASSETCATALOG_COMPILER_GENERATE_SWIFT_ASSET_SYMBOL_EXTENSIONS = YES;
				CLANG_ANALYZER_NONNULL = YES;
				CLANG_ANALYZER_NUMBER_OBJECT_CONVERSION = YES_AGGRESSIVE;
				CLANG_CXX_LANGUAGE_STANDARD = "gnu++20";
				CLANG_ENABLE_MODULES = YES;
				CLANG_ENABLE_OBJC_ARC = YES;
				CLANG_ENABLE_OBJC_WEAK = YES;
				CLANG_WARN_BLOCK_CAPTURE_AUTORELEASING = YES;
				CLANG_WARN_BOOL_CONVERSION = YES;
				CLANG_WARN_COMMA = YES;
				CLANG_WARN_CONSTANT_CONVERSION = YES;
				CLANG_WARN_DEPRECATED_OBJC_IMPLEMENTATIONS = YES;
				CLANG_WARN_DIRECT_OBJC_ISA_USAGE = YES_ERROR;
				CLANG_WARN_DOCUMENTATION_COMMENTS = YES;
				CLANG_WARN_EMPTY_BODY = YES;
				CLANG_WARN_ENUM_CONVERSION = YES;
				CLANG_WARN_INFINITE_RECURSION = YES;
				CLANG_WARN_INT_CONVERSION = YES;
				CLANG_WARN_NON_LITERAL_NULL_CONVERSION = YES;
				CLANG_WARN_OBJC_IMPLICIT_RETAIN_SELF = YES;
				CLANG_WARN_OBJC_LITERAL_CONVERSION = YES;
				CLANG_WARN_OBJC_ROOT_CLASS = YES_ERROR;
				CLANG_WARN_QUOTED_INCLUDE_IN_FRAMEWORK_HEADER = YES;
				CLANG_WARN_RANGE_LOOP_ANALYSIS = YES;
				CLANG_WARN_STRICT_PROTOTYPES = YES;
				CLANG_WARN_SUSPICIOUS_MOVE = YES;
				CLANG_WARN_UNGUARDED_AVAILABILITY = YES_AGGRESSIVE;
				CLANG_WARN_UNREACHABLE_CODE = YES;
				CLANG_WARN__DUPLICATE_METHOD_MATCH = YES;
				COPY_PHASE_STRIP = NO;
				DEBUG_INFORMATION_FORMAT = "dwarf-with-dsym";
				ENABLE_NS_ASSERTIONS = NO;
				ENABLE_STRICT_OBJC_MSGSEND = YES;
				ENABLE_USER_SCRIPT_SANDBOXING = YES;
				GCC_C_LANGUAGE_STANDARD = gnu17;
				GCC_NO_COMMON_BLOCKS = YES;
				GCC_WARN_64_TO_32_BIT_CONVERSION = YES;
				GCC_WARN_ABOUT_RETURN_TYPE = YES_ERROR;
				GCC_WARN_UNDECLARED_SELECTOR = YES;
				GCC_WARN_UNINITIALIZED_AUTOS = YES_AGGRESSIVE;
				GCC_WARN_UNUSED_FUNCTION = YES;
				GCC_WARN_UNUSED_VARIABLE = YES;
				IPHONEOS_DEPLOYMENT_TARGET = 17.5;
				LOCALIZATION_PREFERS_STRING_CATALOGS = YES;
				MTL_ENABLE_DEBUG_INFO = NO;
				MTL_FAST_MATH = YES;
				SDKROOT = iphoneos;
				SWIFT_COMPILATION_MODE = wholemodule;
				VALIDATE_PRODUCT = YES;
			};
			name = Release;
		};
		A6DDBE682C7D2F8D0040F8E8 /* Debug */ = {
			isa = XCBuildConfiguration;
			buildSettings = {
				ASSETCATALOG_COMPILER_APPICON_NAME = AppIcon;
				ASSETCATALOG_COMPILER_GLOBAL_ACCENT_COLOR_NAME = AccentColor;
				CODE_SIGN_STYLE = Automatic;
				CURRENT_PROJECT_VERSION = 1;
				DEVELOPMENT_ASSET_PATHS = "\"com.welling.interview/Preview Content\"";
				DEVELOPMENT_TEAM = NB7SR9K9FH;
				ENABLE_PREVIEWS = YES;
				GENERATE_INFOPLIST_FILE = YES;
				INFOPLIST_KEY_UIApplicationSceneManifest_Generation = YES;
				INFOPLIST_KEY_UIApplicationSupportsIndirectInputEvents = YES;
				INFOPLIST_KEY_UILaunchScreen_Generation = YES;
				INFOPLIST_KEY_UISupportedInterfaceOrientations_iPad = "UIInterfaceOrientationPortrait UIInterfaceOrientationPortraitUpsideDown UIInterfaceOrientationLandscapeLeft UIInterfaceOrientationLandscapeRight";
				INFOPLIST_KEY_UISupportedInterfaceOrientations_iPhone = "UIInterfaceOrientationPortrait UIInterfaceOrientationLandscapeLeft UIInterfaceOrientationLandscapeRight";
				LD_RUNPATH_SEARCH_PATHS = (
					"$(inherited)",
					"@executable_path/Frameworks",
				);
				MARKETING_VERSION = 1.0;
				PRODUCT_BUNDLE_IDENTIFIER = "com.welling.com-welling-interview";
				PRODUCT_NAME = "$(TARGET_NAME)";
				SWIFT_EMIT_LOC_STRINGS = YES;
				SWIFT_VERSION = 5.0;
				TARGETED_DEVICE_FAMILY = "1,2";
			};
			name = Debug;
		};
		A6DDBE692C7D2F8D0040F8E8 /* Release */ = {
			isa = XCBuildConfiguration;
			buildSettings = {
				ASSETCATALOG_COMPILER_APPICON_NAME = AppIcon;
				ASSETCATALOG_COMPILER_GLOBAL_ACCENT_COLOR_NAME = AccentColor;
				CODE_SIGN_STYLE = Automatic;
				CURRENT_PROJECT_VERSION = 1;
				DEVELOPMENT_ASSET_PATHS = "\"com.welling.interview/Preview Content\"";
				DEVELOPMENT_TEAM = NB7SR9K9FH;
				ENABLE_PREVIEWS = YES;
				GENERATE_INFOPLIST_FILE = YES;
				INFOPLIST_KEY_UIApplicationSceneManifest_Generation = YES;
				INFOPLIST_KEY_UIApplicationSupportsIndirectInputEvents = YES;
				INFOPLIST_KEY_UILaunchScreen_Generation = YES;
				INFOPLIST_KEY_UISupportedInterfaceOrientations_iPad = "UIInterfaceOrientationPortrait UIInterfaceOrientationPortraitUpsideDown UIInterfaceOrientationLandscapeLeft UIInterfaceOrientationLandscapeRight";
				INFOPLIST_KEY_UISupportedInterfaceOrientations_iPhone = "UIInterfaceOrientationPortrait UIInterfaceOrientationLandscapeLeft UIInterfaceOrientationLandscapeRight";
				LD_RUNPATH_SEARCH_PATHS = (
					"$(inherited)",
					"@executable_path/Frameworks",
				);
				MARKETING_VERSION = 1.0;
				PRODUCT_BUNDLE_IDENTIFIER = "com.welling.com-welling-interview";
				PRODUCT_NAME = "$(TARGET_NAME)";
				SWIFT_EMIT_LOC_STRINGS = YES;
				SWIFT_VERSION = 5.0;
				TARGETED_DEVICE_FAMILY = "1,2";
			};
			name = Release;
		};
		A6DDBE6B2C7D2F8D0040F8E8 /* Debug */ = {
			isa = XCBuildConfiguration;
			buildSettings = {
				ALWAYS_EMBED_SWIFT_STANDARD_LIBRARIES = YES;
				BUNDLE_LOADER = "$(TEST_HOST)";
				CODE_SIGN_STYLE = Automatic;
				CURRENT_PROJECT_VERSION = 1;
				DEVELOPMENT_TEAM = NB7SR9K9FH;
				GENERATE_INFOPLIST_FILE = YES;
				IPHONEOS_DEPLOYMENT_TARGET = 17.5;
				MARKETING_VERSION = 1.0;
				PRODUCT_BUNDLE_IDENTIFIER = "com.welling.com-welling-interviewTests";
				PRODUCT_NAME = "$(TARGET_NAME)";
				SWIFT_EMIT_LOC_STRINGS = NO;
				SWIFT_VERSION = 5.0;
				TARGETED_DEVICE_FAMILY = "1,2";
				TEST_HOST = "$(BUILT_PRODUCTS_DIR)/com.welling.interview.app/$(BUNDLE_EXECUTABLE_FOLDER_PATH)/com.welling.interview";
			};
			name = Debug;
		};
		A6DDBE6C2C7D2F8D0040F8E8 /* Release */ = {
			isa = XCBuildConfiguration;
			buildSettings = {
				ALWAYS_EMBED_SWIFT_STANDARD_LIBRARIES = YES;
				BUNDLE_LOADER = "$(TEST_HOST)";
				CODE_SIGN_STYLE = Automatic;
				CURRENT_PROJECT_VERSION = 1;
				DEVELOPMENT_TEAM = NB7SR9K9FH;
				GENERATE_INFOPLIST_FILE = YES;
				IPHONEOS_DEPLOYMENT_TARGET = 17.5;
				MARKETING_VERSION = 1.0;
				PRODUCT_BUNDLE_IDENTIFIER = "com.welling.com-welling-interviewTests";
				PRODUCT_NAME = "$(TARGET_NAME)";
				SWIFT_EMIT_LOC_STRINGS = NO;
				SWIFT_VERSION = 5.0;
				TARGETED_DEVICE_FAMILY = "1,2";
				TEST_HOST = "$(BUILT_PRODUCTS_DIR)/com.welling.interview.app/$(BUNDLE_EXECUTABLE_FOLDER_PATH)/com.welling.interview";
			};
			name = Release;
		};
		A6DDBE6E2C7D2F8D0040F8E8 /* Debug */ = {
			isa = XCBuildConfiguration;
			buildSettings = {
				ALWAYS_EMBED_SWIFT_STANDARD_LIBRARIES = YES;
				CODE_SIGN_STYLE = Automatic;
				CURRENT_PROJECT_VERSION = 1;
				DEVELOPMENT_TEAM = NB7SR9K9FH;
				GENERATE_INFOPLIST_FILE = YES;
				MARKETING_VERSION = 1.0;
				PRODUCT_BUNDLE_IDENTIFIER = "com.welling.com-welling-interviewUITests";
				PRODUCT_NAME = "$(TARGET_NAME)";
				SWIFT_EMIT_LOC_STRINGS = NO;
				SWIFT_VERSION = 5.0;
				TARGETED_DEVICE_FAMILY = "1,2";
				TEST_TARGET_NAME = com.welling.interview;
			};
			name = Debug;
		};
		A6DDBE6F2C7D2F8D0040F8E8 /* Release */ = {
			isa = XCBuildConfiguration;
			buildSettings = {
				ALWAYS_EMBED_SWIFT_STANDARD_LIBRARIES = YES;
				CODE_SIGN_STYLE = Automatic;
				CURRENT_PROJECT_VERSION = 1;
				DEVELOPMENT_TEAM = NB7SR9K9FH;
				GENERATE_INFOPLIST_FILE = YES;
				MARKETING_VERSION = 1.0;
				PRODUCT_BUNDLE_IDENTIFIER = "com.welling.com-welling-interviewUITests";
				PRODUCT_NAME = "$(TARGET_NAME)";
				SWIFT_EMIT_LOC_STRINGS = NO;
				SWIFT_VERSION = 5.0;
				TARGETED_DEVICE_FAMILY = "1,2";
				TEST_TARGET_NAME = com.welling.interview;
			};
			name = Release;
		};
/* End XCBuildConfiguration section */

/* Begin XCConfigurationList section */
		A6DDBE3E2C7D2F8C0040F8E8 /* Build configuration list for PBXProject "com.welling.interview" */ = {
			isa = XCConfigurationList;
			buildConfigurations = (
				A6DDBE652C7D2F8D0040F8E8 /* Debug */,
				A6DDBE662C7D2F8D0040F8E8 /* Release */,
			);
			defaultConfigurationIsVisible = 0;
			defaultConfigurationName = Release;
		};
		A6DDBE672C7D2F8D0040F8E8 /* Build configuration list for PBXNativeTarget "com.welling.interview" */ = {
			isa = XCConfigurationList;
			buildConfigurations = (
				A6DDBE682C7D2F8D0040F8E8 /* Debug */,
				A6DDBE692C7D2F8D0040F8E8 /* Release */,
			);
			defaultConfigurationIsVisible = 0;
			defaultConfigurationName = Release;
		};
		A6DDBE6A2C7D2F8D0040F8E8 /* Build configuration list for PBXNativeTarget "com.welling.interviewTests" */ = {
			isa = XCConfigurationList;
			buildConfigurations = (
				A6DDBE6B2C7D2F8D0040F8E8 /* Debug */,
				A6DDBE6C2C7D2F8D0040F8E8 /* Release */,
			);
			defaultConfigurationIsVisible = 0;
			defaultConfigurationName = Release;
		};
		A6DDBE6D2C7D2F8D0040F8E8 /* Build configuration list for PBXNativeTarget "com.welling.interviewUITests" */ = {
			isa = XCConfigurationList;
			buildConfigurations = (
				A6DDBE6E2C7D2F8D0040F8E8 /* Debug */,
				A6DDBE6F2C7D2F8D0040F8E8 /* Release */,
			);
			defaultConfigurationIsVisible = 0;
			defaultConfigurationName = Release;
		};
/* End XCConfigurationList section */
	};
	rootObject = A6DDBE3B2C7D2F8C0040F8E8 /* Project object */;
}
